
Microsoft Visual Studio Solution File, Format Version 12.00
# Visual Studio 15
VisualStudioVersion = 15.0.28307.645
MinimumVisualStudioVersion = 10.0.40219.1
Project("{FAE04EC0-301F-11D3-BF4B-00C04F79EFBC}") = "Types Filter", "Types Filter\Types Filter.csproj", "{1AF9B529-3467-4691-97C8-774762AFA134}"
EndProject
Global
	GlobalSection(SolutionConfigurationPlatforms) = preSolution
		Debug|Any CPU = Debug|Any CPU
		Release|Any CPU = Release|Any CPU
	EndGlobalSection
	GlobalSection(ProjectConfigurationPlatforms) = postSolution
		{1AF9B529-3467-4691-97C8-774762AFA134}.Debug|Any CPU.ActiveCfg = Debug|Any CPU
		{1AF9B529-3467-4691-97C8-774762AFA134}.Debug|Any CPU.Build.0 = Debug|Any CPU
		{1AF9B529-3467-4691-97C8-774762AFA134}.Release|Any CPU.ActiveCfg = Release|Any CPU
		{1AF9B529-3467-4691-97C8-774762AFA134}.Release|Any CPU.Build.0 = Release|Any CPU
	EndGlobalSection
	GlobalSection(SolutionProperties) = preSolution
		HideSolutionNode = FALSE
	EndGlobalSection
	GlobalSection(ExtensibilityGlobals) = postSolution
		SolutionGuid = {5996F229-4471-40D4-B158-012CDEE36A42}
	EndGlobalSection
EndGlobal
